
Microsoft Visual Studio Solution File, Format Version 12.00
# Visual Studio Version 16
VisualStudioVersion = 16.0.30717.126
MinimumVisualStudioVersion = 10.0.40219.1
Project("{FAE04EC0-301F-11D3-BF4B-00C04F79EFBC}") = "BeepEmulator", "BeepEmulator\BeepEmulator.csproj", "{D1F227E6-B826-4DA8-8E7C-636A7DE65FEB}"
EndProject
Global
	GlobalSection(SolutionConfigurationPlatforms) = preSolution
		Debug|Any CPU = Debug|Any CPU
		Release|Any CPU = Release|Any CPU
	EndGlobalSection
	GlobalSection(ProjectConfigurationPlatforms) = postSolution
		{D1F227E6-B826-4DA8-8E7C-636A7DE65FEB}.Debug|Any CPU.ActiveCfg = Debug|Any CPU
		{D1F227E6-B826-4DA8-8E7C-636A7DE65FEB}.Debug|Any CPU.Build.0 = Debug|Any CPU
		{D1F227E6-B826-4DA8-8E7C-636A7DE65FEB}.Release|Any CPU.ActiveCfg = Release|Any CPU
		{D1F227E6-B826-4DA8-8E7C-636A7DE65FEB}.Release|Any CPU.Build.0 = Release|Any CPU
	EndGlobalSection
	GlobalSection(SolutionProperties) = preSolution
		HideSolutionNode = FALSE
	EndGlobalSection
	GlobalSection(ExtensibilityGlobals) = postSolution
		SolutionGuid = {A89C917A-B0EA-4BBA-B96F-E1429700542B}
	EndGlobalSection
EndGlobal
