
Microsoft Visual Studio Solution File, Format Version 12.00
# Visual Studio Version 16
VisualStudioVersion = 16.0.30611.23
MinimumVisualStudioVersion = 10.0.40219.1
Project("{FAE04EC0-301F-11D3-BF4B-00C04F79EFBC}") = "__LibAstral", "__LibAstral\__LibAstral.csproj", "{01958099-A748-4CAA-A13D-D08EE74C8242}"
EndProject
Global
	GlobalSection(SolutionConfigurationPlatforms) = preSolution
		Debug|Any CPU = Debug|Any CPU
		Release|Any CPU = Release|Any CPU
	EndGlobalSection
	GlobalSection(ProjectConfigurationPlatforms) = postSolution
		{01958099-A748-4CAA-A13D-D08EE74C8242}.Debug|Any CPU.ActiveCfg = Debug|Any CPU
		{01958099-A748-4CAA-A13D-D08EE74C8242}.Debug|Any CPU.Build.0 = Debug|Any CPU
		{01958099-A748-4CAA-A13D-D08EE74C8242}.Release|Any CPU.ActiveCfg = Release|Any CPU
		{01958099-A748-4CAA-A13D-D08EE74C8242}.Release|Any CPU.Build.0 = Release|Any CPU
	EndGlobalSection
	GlobalSection(SolutionProperties) = preSolution
		HideSolutionNode = FALSE
	EndGlobalSection
	GlobalSection(ExtensibilityGlobals) = postSolution
		SolutionGuid = {0A1A164F-4660-4818-B7B9-A782DFFC46D9}
	EndGlobalSection
EndGlobal
